
Microsoft Visual Studio Solution File, Format Version 12.00
# Visual Studio Version 17
VisualStudioVersion = 17.9.34701.34
MinimumVisualStudioVersion = 10.0.40219.1
Project("{FAE04EC0-301F-11D3-BF4B-00C04F79EFBC}") = "Event Organizer", "Event Organizer\Event Organizer.csproj", "{B0157FA5-F1FE-4CE1-9900-6C1DBC453C44}"
EndProject
Global
	GlobalSection(SolutionConfigurationPlatforms) = preSolution
		Debug|Any CPU = Debug|Any CPU
		Release|Any CPU = Release|Any CPU
	EndGlobalSection
	GlobalSection(ProjectConfigurationPlatforms) = postSolution
		{B0157FA5-F1FE-4CE1-9900-6C1DBC453C44}.Debug|Any CPU.ActiveCfg = Debug|Any CPU
		{B0157FA5-F1FE-4CE1-9900-6C1DBC453C44}.Debug|Any CPU.Build.0 = Debug|Any CPU
		{B0157FA5-F1FE-4CE1-9900-6C1DBC453C44}.Release|Any CPU.ActiveCfg = Release|Any CPU
		{B0157FA5-F1FE-4CE1-9900-6C1DBC453C44}.Release|Any CPU.Build.0 = Release|Any CPU
	EndGlobalSection
	GlobalSection(SolutionProperties) = preSolution
		HideSolutionNode = FALSE
	EndGlobalSection
	GlobalSection(ExtensibilityGlobals) = postSolution
		SolutionGuid = {633EF287-D653-4B29-B4C3-626C95FE2247}
	EndGlobalSection
EndGlobal
